
Microsoft Visual Studio Solution File, Format Version 12.00
# Visual Studio Version 16
VisualStudioVersion = 16.0.30717.126
MinimumVisualStudioVersion = 10.0.40219.1
Project("{FAE04EC0-301F-11D3-BF4B-00C04F79EFBC}") = "WebApplication1", "WebApplication1\WebApplication1.csproj", "{D11E61C6-7FAB-4522-948B-E6662C6CACC8}"
EndProject
Global
	GlobalSection(SolutionConfigurationPlatforms) = preSolution
		Debug|Any CPU = Debug|Any CPU
		Release|Any CPU = Release|Any CPU
	EndGlobalSection
	GlobalSection(ProjectConfigurationPlatforms) = postSolution
		{D11E61C6-7FAB-4522-948B-E6662C6CACC8}.Debug|Any CPU.ActiveCfg = Debug|Any CPU
		{D11E61C6-7FAB-4522-948B-E6662C6CACC8}.Debug|Any CPU.Build.0 = Debug|Any CPU
		{D11E61C6-7FAB-4522-948B-E6662C6CACC8}.Release|Any CPU.ActiveCfg = Release|Any CPU
		{D11E61C6-7FAB-4522-948B-E6662C6CACC8}.Release|Any CPU.Build.0 = Release|Any CPU
	EndGlobalSection
	GlobalSection(SolutionProperties) = preSolution
		HideSolutionNode = FALSE
	EndGlobalSection
	GlobalSection(ExtensibilityGlobals) = postSolution
		SolutionGuid = {6A44D39C-4459-416D-B09E-306AB5FAF4C7}
	EndGlobalSection
EndGlobal
